
Microsoft Visual Studio Solution File, Format Version 12.00
# Visual Studio Version 17
VisualStudioVersion = 17.2.32526.322
MinimumVisualStudioVersion = 10.0.40219.1
Project("{9A19103F-16F7-4668-BE54-9A1E7A4F7556}") = "Ecommerce.Server", "Server\Ecommerce.Server.csproj", "{06049899-C1E1-4589-9256-BA7EBC9C6591}"
EndProject
Project("{9A19103F-16F7-4668-BE54-9A1E7A4F7556}") = "Ecommerce.Client", "Client\Ecommerce.Client.csproj", "{A91B8061-224F-4520-B2F1-B680BE57FCE1}"
EndProject
Project("{9A19103F-16F7-4668-BE54-9A1E7A4F7556}") = "Ecommerce.Shared", "Shared\Ecommerce.Shared.csproj", "{D6C05142-DCC6-4D6F-9D23-DD468087FEFF}"
EndProject
Global
	GlobalSection(SolutionConfigurationPlatforms) = preSolution
		Debug|Any CPU = Debug|Any CPU
		Release|Any CPU = Release|Any CPU
	EndGlobalSection
	GlobalSection(ProjectConfigurationPlatforms) = postSolution
		{06049899-C1E1-4589-9256-BA7EBC9C6591}.Debug|Any CPU.ActiveCfg = Debug|Any CPU
		{06049899-C1E1-4589-9256-BA7EBC9C6591}.Debug|Any CPU.Build.0 = Debug|Any CPU
		{06049899-C1E1-4589-9256-BA7EBC9C6591}.Release|Any CPU.ActiveCfg = Release|Any CPU
		{06049899-C1E1-4589-9256-BA7EBC9C6591}.Release|Any CPU.Build.0 = Release|Any CPU
		{A91B8061-224F-4520-B2F1-B680BE57FCE1}.Debug|Any CPU.ActiveCfg = Debug|Any CPU
		{A91B8061-224F-4520-B2F1-B680BE57FCE1}.Debug|Any CPU.Build.0 = Debug|Any CPU
		{A91B8061-224F-4520-B2F1-B680BE57FCE1}.Release|Any CPU.ActiveCfg = Release|Any CPU
		{A91B8061-224F-4520-B2F1-B680BE57FCE1}.Release|Any CPU.Build.0 = Release|Any CPU
		{D6C05142-DCC6-4D6F-9D23-DD468087FEFF}.Debug|Any CPU.ActiveCfg = Debug|Any CPU
		{D6C05142-DCC6-4D6F-9D23-DD468087FEFF}.Debug|Any CPU.Build.0 = Debug|Any CPU
		{D6C05142-DCC6-4D6F-9D23-DD468087FEFF}.Release|Any CPU.ActiveCfg = Release|Any CPU
		{D6C05142-DCC6-4D6F-9D23-DD468087FEFF}.Release|Any CPU.Build.0 = Release|Any CPU
	EndGlobalSection
	GlobalSection(SolutionProperties) = preSolution
		HideSolutionNode = FALSE
	EndGlobalSection
	GlobalSection(ExtensibilityGlobals) = postSolution
		SolutionGuid = {22F4D053-6C42-4185-800B-19FD53A37E87}
	EndGlobalSection
EndGlobal
